
Microsoft Visual Studio Solution File, Format Version 12.00
# Visual Studio Version 16
VisualStudioVersion = 16.0.29613.14
MinimumVisualStudioVersion = 10.0.40219.1
Project("{FAE04EC0-301F-11D3-BF4B-00C04F79EFBC}") = "RecordWin", "RecordWin.csproj", "{BBECDCE3-76AC-4709-93E5-C461923D1DED}"
EndProject
Global
	GlobalSection(SolutionConfigurationPlatforms) = preSolution
		Debug|Any CPU = Debug|Any CPU
		Release|Any CPU = Release|Any CPU
	EndGlobalSection
	GlobalSection(ProjectConfigurationPlatforms) = postSolution
		{BBECDCE3-76AC-4709-93E5-C461923D1DED}.Debug|Any CPU.ActiveCfg = Debug|Any CPU
		{BBECDCE3-76AC-4709-93E5-C461923D1DED}.Debug|Any CPU.Build.0 = Debug|Any CPU
		{BBECDCE3-76AC-4709-93E5-C461923D1DED}.Release|Any CPU.ActiveCfg = Release|Any CPU
		{BBECDCE3-76AC-4709-93E5-C461923D1DED}.Release|Any CPU.Build.0 = Release|Any CPU
	EndGlobalSection
	GlobalSection(SolutionProperties) = preSolution
		HideSolutionNode = FALSE
	EndGlobalSection
	GlobalSection(ExtensibilityGlobals) = postSolution
		SolutionGuid = {A011B245-A76F-4808-A0D6-18B68296CE3F}
	EndGlobalSection
EndGlobal
